
Microsoft Visual Studio Solution File, Format Version 12.00
# Visual Studio Version 16
VisualStudioVersion = 16.0.29215.179
MinimumVisualStudioVersion = 10.0.40219.1
Project("{FAE04EC0-301F-11D3-BF4B-00C04F79EFBC}") = "numberProperties", "numberProperties\numberProperties.csproj", "{BAB829DA-4748-47AD-A29D-8BAB6289D58C}"
EndProject
Global
	GlobalSection(SolutionConfigurationPlatforms) = preSolution
		Debug|Any CPU = Debug|Any CPU
		Release|Any CPU = Release|Any CPU
	EndGlobalSection
	GlobalSection(ProjectConfigurationPlatforms) = postSolution
		{BAB829DA-4748-47AD-A29D-8BAB6289D58C}.Debug|Any CPU.ActiveCfg = Debug|Any CPU
		{BAB829DA-4748-47AD-A29D-8BAB6289D58C}.Debug|Any CPU.Build.0 = Debug|Any CPU
		{BAB829DA-4748-47AD-A29D-8BAB6289D58C}.Release|Any CPU.ActiveCfg = Release|Any CPU
		{BAB829DA-4748-47AD-A29D-8BAB6289D58C}.Release|Any CPU.Build.0 = Release|Any CPU
	EndGlobalSection
	GlobalSection(SolutionProperties) = preSolution
		HideSolutionNode = FALSE
	EndGlobalSection
	GlobalSection(ExtensibilityGlobals) = postSolution
		SolutionGuid = {ED474B18-AABE-48DE-B762-FE9CC61CFB2A}
	EndGlobalSection
EndGlobal
